// !$*UTF8*$!
{
	archiveVersion = 1;
	classes = {
	};
	objectVersion = 51;
	objects = {

/* Begin PBXBuildFile section */
		321DCAFEB01998728F996044 /* Pods_RajaaRani.framework in Frameworks */ = {isa = PBXBuildFile; fileRef = 0100B7E4B052E4CF0F347257 /* Pods_RajaaRani.framework */; };
		65040C682595E6E8005D0550 /* User.swift in Sources */ = {isa = PBXBuildFile; fileRef = 65040C672595E6E8005D0550 /* User.swift */; };
		65040CA025962E07005D0550 /* Utilities.swift in Sources */ = {isa = PBXBuildFile; fileRef = 65040C9F25962E07005D0550 /* Utilities.swift */; };
		6507DEF525B7058A00953571 /* ChannelManager.swift in Sources */ = {isa = PBXBuildFile; fileRef = 6507DEF425B7058A00953571 /* ChannelManager.swift */; };
		65123BA6258BA56600DB8C9D /* EmailVerifyVC.swift in Sources */ = {isa = PBXBuildFile; fileRef = 65123BA5258BA56600DB8C9D /* EmailVerifyVC.swift */; };
		65123BA9258BB72A00DB8C9D /* Dashboard.storyboard in Resources */ = {isa = PBXBuildFile; fileRef = 65123BA8258BB72A00DB8C9D /* Dashboard.storyboard */; };
		6516DE5D25A6123F0064FF57 /* SelfieVC.swift in Sources */ = {isa = PBXBuildFile; fileRef = 6516DE5C25A6123F0064FF57 /* SelfieVC.swift */; };
		652902EA259E2C0700CE0293 /* SettingsTableViewCell.swift in Sources */ = {isa = PBXBuildFile; fileRef = 652902E9259E2C0700CE0293 /* SettingsTableViewCell.swift */; };
		652902EE259E331600CE0293 /* SettingsVC.swift in Sources */ = {isa = PBXBuildFile; fileRef = 652902ED259E331600CE0293 /* SettingsVC.swift */; };
		653777AD25A4975200AEB64B /* NicknameVC.swift in Sources */ = {isa = PBXBuildFile; fileRef = 653777AC25A4975200AEB64B /* NicknameVC.swift */; };
		6544AA4E25BC616D00A210D6 /* Challista.ttf in Resources */ = {isa = PBXBuildFile; fileRef = 6564FBC025BC45CE0010544E /* Challista.ttf */; };
		654A7EF725A8B244002B5D0D /* ProfileUnderReviewVC.swift in Sources */ = {isa = PBXBuildFile; fileRef = 654A7EF625A8B244002B5D0D /* ProfileUnderReviewVC.swift */; };
		654AE8F325AF18C40037378F /* LikedVC.swift in Sources */ = {isa = PBXBuildFile; fileRef = 654AE8F225AF18C40037378F /* LikedVC.swift */; };
		654CD62F2590C838001B0581 /* ProfileDetailView.swift in Sources */ = {isa = PBXBuildFile; fileRef = 654CD62E2590C838001B0581 /* ProfileDetailView.swift */; };
		65533E5825949F1B0058F941 /* ProfileCardView.xib in Resources */ = {isa = PBXBuildFile; fileRef = 65533E5725949F1B0058F941 /* ProfileCardView.xib */; };
		65533E5B25949F4D0058F941 /* ProfileCard.swift in Sources */ = {isa = PBXBuildFile; fileRef = 65533E5A25949F4D0058F941 /* ProfileCard.swift */; };
		656147B525B0A3E6007B8248 /* ChatDetailVC.swift in Sources */ = {isa = PBXBuildFile; fileRef = 656147B425B0A3E6007B8248 /* ChatDetailVC.swift */; };
		6564FBB925BC3E810010544E /* Adine Kirnberg.ttf in Resources */ = {isa = PBXBuildFile; fileRef = 6564FBB725BC3E7B0010544E /* Adine Kirnberg.ttf */; };
		6564FBBB25BC3E870010544E /* AdineKirnberg-Alternate.ttf in Resources */ = {isa = PBXBuildFile; fileRef = 6564FBB825BC3E7B0010544E /* AdineKirnberg-Alternate.ttf */; };
		6564FBBE25BC44E20010544E /* Amandita Personal Use.ttf in Resources */ = {isa = PBXBuildFile; fileRef = 6564FBBD25BC44DE0010544E /* Amandita Personal Use.ttf */; };
		6564FBC325BC468C0010544E /* Crawley Demo.ttf in Resources */ = {isa = PBXBuildFile; fileRef = 6564FBC225BC46880010544E /* Crawley Demo.ttf */; };
		6564FBC625BC47AB0010544E /* handayani.otf in Resources */ = {isa = PBXBuildFile; fileRef = 6564FBC525BC47A20010544E /* handayani.otf */; };
		6568CCBC258755B00052DA6B /* LoginVC.swift in Sources */ = {isa = PBXBuildFile; fileRef = 6568CCBB258755B00052DA6B /* LoginVC.swift */; };
		6568CCC2258771030052DA6B /* intro.mp4 in Resources */ = {isa = PBXBuildFile; fileRef = 6568CCC0258770D90052DA6B /* intro.mp4 */; };
		6568CCC52587D3320052DA6B /* EmailVC.swift in Sources */ = {isa = PBXBuildFile; fileRef = 6568CCC42587D3320052DA6B /* EmailVC.swift */; };
		657A24D225865E65007C9B50 /* AppDelegate.swift in Sources */ = {isa = PBXBuildFile; fileRef = 657A24D125865E65007C9B50 /* AppDelegate.swift */; };
		657A24D925865E65007C9B50 /* Main.storyboard in Resources */ = {isa = PBXBuildFile; fileRef = 657A24D725865E65007C9B50 /* Main.storyboard */; };
		657A24DB25865E66007C9B50 /* Assets.xcassets in Resources */ = {isa = PBXBuildFile; fileRef = 657A24DA25865E66007C9B50 /* Assets.xcassets */; };
		657A24DE25865E66007C9B50 /* LaunchScreen.storyboard in Resources */ = {isa = PBXBuildFile; fileRef = 657A24DC25865E66007C9B50 /* LaunchScreen.storyboard */; };
		6583A603258CCDCA00C0DE6B /* HomeVC.swift in Sources */ = {isa = PBXBuildFile; fileRef = 6583A602258CCDCA00C0DE6B /* HomeVC.swift */; };
		6583A606258CCDDB00C0DE6B /* MatchesVC.swift in Sources */ = {isa = PBXBuildFile; fileRef = 6583A605258CCDDB00C0DE6B /* MatchesVC.swift */; };
		6583A609258CCDE800C0DE6B /* ChatsVC.swift in Sources */ = {isa = PBXBuildFile; fileRef = 6583A608258CCDE800C0DE6B /* ChatsVC.swift */; };
		65895F73258A069E0054EDCC /* BirthdaySelectionVC.swift in Sources */ = {isa = PBXBuildFile; fileRef = 65895F72258A069E0054EDCC /* BirthdaySelectionVC.swift */; };
		659219F22590AAD90071E0B5 /* ProfileDetails.xib in Resources */ = {isa = PBXBuildFile; fileRef = 659219F12590AAD90071E0B5 /* ProfileDetails.xib */; };
		65A13F6325A59C5500F92BAD /* NumberVerifyVC.swift in Sources */ = {isa = PBXBuildFile; fileRef = 65A13F6225A59C5500F92BAD /* NumberVerifyVC.swift */; };
		65A1E1F92588A6C700A028E6 /* Extensions.swift in Sources */ = {isa = PBXBuildFile; fileRef = 65A1E1F82588A6C700A028E6 /* Extensions.swift */; };
		65A1E1FD2588A8C400A028E6 /* NetworkMonitor.swift in Sources */ = {isa = PBXBuildFile; fileRef = 65A1E1FC2588A8C400A028E6 /* NetworkMonitor.swift */; };
		65A1E2092588F99F00A028E6 /* ProfileVerification.storyboard in Resources */ = {isa = PBXBuildFile; fileRef = 65A1E2082588F99F00A028E6 /* ProfileVerification.storyboard */; };
		65A1E20E25890DE400A028E6 /* GenderSelectionVC.swift in Sources */ = {isa = PBXBuildFile; fileRef = 65A1E20D25890DE400A028E6 /* GenderSelectionVC.swift */; };
		65A843E5259F658100A75EBD /* EditSectionCell.swift in Sources */ = {isa = PBXBuildFile; fileRef = 65A843E4259F658100A75EBD /* EditSectionCell.swift */; };
		65A843E9259F65AB00A75EBD /* SwitchSectionCell.swift in Sources */ = {isa = PBXBuildFile; fileRef = 65A843E8259F65AB00A75EBD /* SwitchSectionCell.swift */; };
		65A843EC259F65DF00A75EBD /* BtnSectionCell.swift in Sources */ = {isa = PBXBuildFile; fileRef = 65A843EB259F65DF00A75EBD /* BtnSectionCell.swift */; };
		65A843EF259F67F700A75EBD /* SettingsMainVC.swift in Sources */ = {isa = PBXBuildFile; fileRef = 65A843EE259F67F700A75EBD /* SettingsMainVC.swift */; };
		65ADED6625BADB2800C893AA /* AboutMeCell.swift in Sources */ = {isa = PBXBuildFile; fileRef = 65ADED6525BADB2800C893AA /* AboutMeCell.swift */; };
		65ADED6925BADE7800C893AA /* UserStatsFirstCell.swift in Sources */ = {isa = PBXBuildFile; fileRef = 65ADED6825BADE7800C893AA /* UserStatsFirstCell.swift */; };
		65ADED6C25BADE8900C893AA /* UserStatsSecondCell.swift in Sources */ = {isa = PBXBuildFile; fileRef = 65ADED6B25BADE8900C893AA /* UserStatsSecondCell.swift */; };
		65B31DE125B1C565002CB036 /* ChatService.swift in Sources */ = {isa = PBXBuildFile; fileRef = 65B31DE025B1C565002CB036 /* ChatService.swift */; };
		65BB1B0225AF625000C72D26 /* Message.swift in Sources */ = {isa = PBXBuildFile; fileRef = 65BB1B0125AF625000C72D26 /* Message.swift */; };
		65BB1B0725AF868000C72D26 /* ChatTableViewCell.swift in Sources */ = {isa = PBXBuildFile; fileRef = 65BB1B0625AF868000C72D26 /* ChatTableViewCell.swift */; };
		65CB258025A454DC005FF401 /* ProfileCompletion.storyboard in Resources */ = {isa = PBXBuildFile; fileRef = 65CB257F25A454DC005FF401 /* ProfileCompletion.storyboard */; };
		65DDE9C025AF3C7A00E3C867 /* SocketIOManager.swift in Sources */ = {isa = PBXBuildFile; fileRef = 65DDE9BF25AF3C7A00E3C867 /* SocketIOManager.swift */; };
		65EFA8DB25A4ACF400BD1751 /* SectVC.swift in Sources */ = {isa = PBXBuildFile; fileRef = 65EFA8DA25A4ACF400BD1751 /* SectVC.swift */; };
		65EFA8DE25A4BE5300BD1751 /* EthnicVC.swift in Sources */ = {isa = PBXBuildFile; fileRef = 65EFA8DD25A4BE5300BD1751 /* EthnicVC.swift */; };
		65EFA8E225A4C7CF00BD1751 /* EthnicCell.swift in Sources */ = {isa = PBXBuildFile; fileRef = 65EFA8E125A4C7CF00BD1751 /* EthnicCell.swift */; };
		65EFA8E625A4DAC100BD1751 /* JobVC.swift in Sources */ = {isa = PBXBuildFile; fileRef = 65EFA8E525A4DAC100BD1751 /* JobVC.swift */; };
		65F5E0A625A36D7F0016B977 /* CompleteProfileVC.swift in Sources */ = {isa = PBXBuildFile; fileRef = 65F5E0A525A36D7F0016B977 /* CompleteProfileVC.swift */; };
/* End PBXBuildFile section */

/* Begin PBXFileReference section */
		0100B7E4B052E4CF0F347257 /* Pods_RajaaRani.framework */ = {isa = PBXFileReference; explicitFileType = wrapper.framework; includeInIndex = 0; path = Pods_RajaaRani.framework; sourceTree = BUILT_PRODUCTS_DIR; };
		65040C672595E6E8005D0550 /* User.swift */ = {isa = PBXFileReference; lastKnownFileType = sourcecode.swift; path = User.swift; sourceTree = "<group>"; };
		65040C9F25962E07005D0550 /* Utilities.swift */ = {isa = PBXFileReference; lastKnownFileType = sourcecode.swift; path = Utilities.swift; sourceTree = "<group>"; };
		6507DEF425B7058A00953571 /* ChannelManager.swift */ = {isa = PBXFileReference; lastKnownFileType = sourcecode.swift; path = ChannelManager.swift; sourceTree = "<group>"; };
		65123BA5258BA56600DB8C9D /* EmailVerifyVC.swift */ = {isa = PBXFileReference; lastKnownFileType = sourcecode.swift; path = EmailVerifyVC.swift; sourceTree = "<group>"; };
		65123BA8258BB72A00DB8C9D /* Dashboard.storyboard */ = {isa = PBXFileReference; lastKnownFileType = file.storyboard; path = Dashboard.storyboard; sourceTree = "<group>"; };
		6516DE5C25A6123F0064FF57 /* SelfieVC.swift */ = {isa = PBXFileReference; lastKnownFileType = sourcecode.swift; path = SelfieVC.swift; sourceTree = "<group>"; };
		652902E9259E2C0700CE0293 /* SettingsTableViewCell.swift */ = {isa = PBXFileReference; lastKnownFileType = sourcecode.swift; path = SettingsTableViewCell.swift; sourceTree = "<group>"; };
		652902ED259E331600CE0293 /* SettingsVC.swift */ = {isa = PBXFileReference; lastKnownFileType = sourcecode.swift; path = SettingsVC.swift; sourceTree = "<group>"; };
		653777AC25A4975200AEB64B /* NicknameVC.swift */ = {isa = PBXFileReference; lastKnownFileType = sourcecode.swift; path = NicknameVC.swift; sourceTree = "<group>"; };
		654A7EF625A8B244002B5D0D /* ProfileUnderReviewVC.swift */ = {isa = PBXFileReference; lastKnownFileType = sourcecode.swift; path = ProfileUnderReviewVC.swift; sourceTree = "<group>"; };
		654AE8F225AF18C40037378F /* LikedVC.swift */ = {isa = PBXFileReference; lastKnownFileType = sourcecode.swift; path = LikedVC.swift; sourceTree = "<group>"; };
		654CD62E2590C838001B0581 /* ProfileDetailView.swift */ = {isa = PBXFileReference; lastKnownFileType = sourcecode.swift; path = ProfileDetailView.swift; sourceTree = "<group>"; };
		65533E5725949F1B0058F941 /* ProfileCardView.xib */ = {isa = PBXFileReference; lastKnownFileType = file.xib; path = ProfileCardView.xib; sourceTree = "<group>"; };
		65533E5A25949F4D0058F941 /* ProfileCard.swift */ = {isa = PBXFileReference; lastKnownFileType = sourcecode.swift; path = ProfileCard.swift; sourceTree = "<group>"; };
		656147B425B0A3E6007B8248 /* ChatDetailVC.swift */ = {isa = PBXFileReference; lastKnownFileType = sourcecode.swift; path = ChatDetailVC.swift; sourceTree = "<group>"; };
		6564FBB725BC3E7B0010544E /* Adine Kirnberg.ttf */ = {isa = PBXFileReference; lastKnownFileType = file; path = "Adine Kirnberg.ttf"; sourceTree = "<group>"; };
		6564FBB825BC3E7B0010544E /* AdineKirnberg-Alternate.ttf */ = {isa = PBXFileReference; lastKnownFileType = file; path = "AdineKirnberg-Alternate.ttf"; sourceTree = "<group>"; };
		6564FBBD25BC44DE0010544E /* Amandita Personal Use.ttf */ = {isa = PBXFileReference; lastKnownFileType = file; path = "Amandita Personal Use.ttf"; sourceTree = "<group>"; };
		6564FBC025BC45CE0010544E /* Challista.ttf */ = {isa = PBXFileReference; lastKnownFileType = file; path = Challista.ttf; sourceTree = "<group>"; };
		6564FBC225BC46880010544E /* Crawley Demo.ttf */ = {isa = PBXFileReference; lastKnownFileType = file; path = "Crawley Demo.ttf"; sourceTree = "<group>"; };
		6564FBC525BC47A20010544E /* handayani.otf */ = {isa = PBXFileReference; lastKnownFileType = file; path = handayani.otf; sourceTree = "<group>"; };
		6564FBC825BC48560010544E /* Lettyh.ttf */ = {isa = PBXFileReference; lastKnownFileType = file; path = Lettyh.ttf; sourceTree = "<group>"; };
		6568CCBB258755B00052DA6B /* LoginVC.swift */ = {isa = PBXFileReference; lastKnownFileType = sourcecode.swift; path = LoginVC.swift; sourceTree = "<group>"; };
		6568CCC0258770D90052DA6B /* intro.mp4 */ = {isa = PBXFileReference; lastKnownFileType = file; path = intro.mp4; sourceTree = "<group>"; };
		6568CCC42587D3320052DA6B /* EmailVC.swift */ = {isa = PBXFileReference; lastKnownFileType = sourcecode.swift; path = EmailVC.swift; sourceTree = "<group>"; };
		657A24CE25865E65007C9B50 /* RajaaRani.app */ = {isa = PBXFileReference; explicitFileType = wrapper.application; includeInIndex = 0; path = RajaaRani.app; sourceTree = BUILT_PRODUCTS_DIR; };
		657A24D125865E65007C9B50 /* AppDelegate.swift */ = {isa = PBXFileReference; lastKnownFileType = sourcecode.swift; path = AppDelegate.swift; sourceTree = "<group>"; };
		657A24D825865E65007C9B50 /* Base */ = {isa = PBXFileReference; lastKnownFileType = file.storyboard; name = Base; path = Base.lproj/Main.storyboard; sourceTree = "<group>"; };
		657A24DA25865E66007C9B50 /* Assets.xcassets */ = {isa = PBXFileReference; lastKnownFileType = folder.assetcatalog; path = Assets.xcassets; sourceTree = "<group>"; };
		657A24DD25865E66007C9B50 /* Base */ = {isa = PBXFileReference; lastKnownFileType = file.storyboard; name = Base; path = Base.lproj/LaunchScreen.storyboard; sourceTree = "<group>"; };
		657A24DF25865E66007C9B50 /* Info.plist */ = {isa = PBXFileReference; lastKnownFileType = text.plist.xml; path = Info.plist; sourceTree = "<group>"; };
		6583A602258CCDCA00C0DE6B /* HomeVC.swift */ = {isa = PBXFileReference; lastKnownFileType = sourcecode.swift; path = HomeVC.swift; sourceTree = "<group>"; };
		6583A605258CCDDB00C0DE6B /* MatchesVC.swift */ = {isa = PBXFileReference; lastKnownFileType = sourcecode.swift; path = MatchesVC.swift; sourceTree = "<group>"; };
		6583A608258CCDE800C0DE6B /* ChatsVC.swift */ = {isa = PBXFileReference; lastKnownFileType = sourcecode.swift; path = ChatsVC.swift; sourceTree = "<group>"; };
		65895F72258A069E0054EDCC /* BirthdaySelectionVC.swift */ = {isa = PBXFileReference; lastKnownFileType = sourcecode.swift; path = BirthdaySelectionVC.swift; sourceTree = "<group>"; };
		659219F12590AAD90071E0B5 /* ProfileDetails.xib */ = {isa = PBXFileReference; lastKnownFileType = file.xib; path = ProfileDetails.xib; sourceTree = "<group>"; };
		65A13F6225A59C5500F92BAD /* NumberVerifyVC.swift */ = {isa = PBXFileReference; lastKnownFileType = sourcecode.swift; path = NumberVerifyVC.swift; sourceTree = "<group>"; };
		65A1E1F82588A6C700A028E6 /* Extensions.swift */ = {isa = PBXFileReference; lastKnownFileType = sourcecode.swift; path = Extensions.swift; sourceTree = "<group>"; };
		65A1E1FC2588A8C400A028E6 /* NetworkMonitor.swift */ = {isa = PBXFileReference; lastKnownFileType = sourcecode.swift; path = NetworkMonitor.swift; sourceTree = "<group>"; };
		65A1E2082588F99F00A028E6 /* ProfileVerification.storyboard */ = {isa = PBXFileReference; lastKnownFileType = file.storyboard; path = ProfileVerification.storyboard; sourceTree = "<group>"; };
		65A1E20D25890DE400A028E6 /* GenderSelectionVC.swift */ = {isa = PBXFileReference; lastKnownFileType = sourcecode.swift; path = GenderSelectionVC.swift; sourceTree = "<group>"; };
		65A843E4259F658100A75EBD /* EditSectionCell.swift */ = {isa = PBXFileReference; lastKnownFileType = sourcecode.swift; path = EditSectionCell.swift; sourceTree = "<group>"; };
		65A843E8259F65AB00A75EBD /* SwitchSectionCell.swift */ = {isa = PBXFileReference; lastKnownFileType = sourcecode.swift; path = SwitchSectionCell.swift; sourceTree = "<group>"; };
		65A843EB259F65DF00A75EBD /* BtnSectionCell.swift */ = {isa = PBXFileReference; lastKnownFileType = sourcecode.swift; path = BtnSectionCell.swift; sourceTree = "<group>"; };
		65A843EE259F67F700A75EBD /* SettingsMainVC.swift */ = {isa = PBXFileReference; lastKnownFileType = sourcecode.swift; path = SettingsMainVC.swift; sourceTree = "<group>"; };
		65ADED6525BADB2800C893AA /* AboutMeCell.swift */ = {isa = PBXFileReference; lastKnownFileType = sourcecode.swift; path = AboutMeCell.swift; sourceTree = "<group>"; };
		65ADED6825BADE7800C893AA /* UserStatsFirstCell.swift */ = {isa = PBXFileReference; lastKnownFileType = sourcecode.swift; path = UserStatsFirstCell.swift; sourceTree = "<group>"; };
		65ADED6B25BADE8900C893AA /* UserStatsSecondCell.swift */ = {isa = PBXFileReference; lastKnownFileType = sourcecode.swift; path = UserStatsSecondCell.swift; sourceTree = "<group>"; };
		65B31DE025B1C565002CB036 /* ChatService.swift */ = {isa = PBXFileReference; lastKnownFileType = sourcecode.swift; path = ChatService.swift; sourceTree = "<group>"; };
		65BB1B0125AF625000C72D26 /* Message.swift */ = {isa = PBXFileReference; lastKnownFileType = sourcecode.swift; path = Message.swift; sourceTree = "<group>"; };
		65BB1B0625AF868000C72D26 /* ChatTableViewCell.swift */ = {isa = PBXFileReference; lastKnownFileType = sourcecode.swift; path = ChatTableViewCell.swift; sourceTree = "<group>"; };
		65CB257F25A454DC005FF401 /* ProfileCompletion.storyboard */ = {isa = PBXFileReference; lastKnownFileType = file.storyboard; path = ProfileCompletion.storyboard; sourceTree = "<group>"; };
		65DDE9BF25AF3C7A00E3C867 /* SocketIOManager.swift */ = {isa = PBXFileReference; lastKnownFileType = sourcecode.swift; path = SocketIOManager.swift; sourceTree = "<group>"; };
		65EFA8DA25A4ACF400BD1751 /* SectVC.swift */ = {isa = PBXFileReference; lastKnownFileType = sourcecode.swift; path = SectVC.swift; sourceTree = "<group>"; };
		65EFA8DD25A4BE5300BD1751 /* EthnicVC.swift */ = {isa = PBXFileReference; lastKnownFileType = sourcecode.swift; path = EthnicVC.swift; sourceTree = "<group>"; };
		65EFA8E125A4C7CF00BD1751 /* EthnicCell.swift */ = {isa = PBXFileReference; lastKnownFileType = sourcecode.swift; path = EthnicCell.swift; sourceTree = "<group>"; };
		65EFA8E525A4DAC100BD1751 /* JobVC.swift */ = {isa = PBXFileReference; lastKnownFileType = sourcecode.swift; path = JobVC.swift; sourceTree = "<group>"; };
		65F5E0A525A36D7F0016B977 /* CompleteProfileVC.swift */ = {isa = PBXFileReference; lastKnownFileType = sourcecode.swift; path = CompleteProfileVC.swift; sourceTree = "<group>"; };
		845866F6891F120369F0B68D /* Pods-RajaaRani.debug.xcconfig */ = {isa = PBXFileReference; includeInIndex = 1; lastKnownFileType = text.xcconfig; name = "Pods-RajaaRani.debug.xcconfig"; path = "Target Support Files/Pods-RajaaRani/Pods-RajaaRani.debug.xcconfig"; sourceTree = "<group>"; };
		B4C3E1CDF18CFDF5A9EEAADD /* Pods-RajaaRani.release.xcconfig */ = {isa = PBXFileReference; includeInIndex = 1; lastKnownFileType = text.xcconfig; name = "Pods-RajaaRani.release.xcconfig"; path = "Target Support Files/Pods-RajaaRani/Pods-RajaaRani.release.xcconfig"; sourceTree = "<group>"; };
/* End PBXFileReference section */

/* Begin PBXFrameworksBuildPhase section */
		657A24CB25865E65007C9B50 /* Frameworks */ = {
			isa = PBXFrameworksBuildPhase;
			buildActionMask = 2147483647;
			files = (
				321DCAFEB01998728F996044 /* Pods_RajaaRani.framework in Frameworks */,
			);
			runOnlyForDeploymentPostprocessing = 0;
		};
/* End PBXFrameworksBuildPhase section */

/* Begin PBXGroup section */
		652902E6259E2B9F00CE0293 /* Home */ = {
			isa = PBXGroup;
			children = (
				65ADED6425BADB0200C893AA /* TableViewCells */,
				65B7A8732593319600230BEA /* CardView */,
				659219F02590AAA80071E0B5 /* DetailsView */,
				6583A602258CCDCA00C0DE6B /* HomeVC.swift */,
			);
			path = Home;
			sourceTree = "<group>";
		};
		652902E8259E2BCC00CE0293 /* Settings */ = {
			isa = PBXGroup;
			children = (
				65A843E1259F645600A75EBD /* SettingsMain */,
				652902E9259E2C0700CE0293 /* SettingsTableViewCell.swift */,
				652902ED259E331600CE0293 /* SettingsVC.swift */,
			);
			path = Settings;
			sourceTree = "<group>";
		};
		653777AB25A4973500AEB64B /* ProfileCompletion */ = {
			isa = PBXGroup;
			children = (
				65EFA8E025A4C7A800BD1751 /* TableViewCells */,
				653777AC25A4975200AEB64B /* NicknameVC.swift */,
				65EFA8DA25A4ACF400BD1751 /* SectVC.swift */,
				65EFA8DD25A4BE5300BD1751 /* EthnicVC.swift */,
				65EFA8E525A4DAC100BD1751 /* JobVC.swift */,
				65A13F6225A59C5500F92BAD /* NumberVerifyVC.swift */,
				6516DE5C25A6123F0064FF57 /* SelfieVC.swift */,
				654A7EF625A8B244002B5D0D /* ProfileUnderReviewVC.swift */,
			);
			path = ProfileCompletion;
			sourceTree = "<group>";
		};
		6564FBB525BC3E600010544E /* supporting files */ = {
			isa = PBXGroup;
			children = (
				6564FBB625BC3E6C0010544E /* fonts */,
			);
			path = "supporting files";
			sourceTree = "<group>";
		};
		6564FBB625BC3E6C0010544E /* fonts */ = {
			isa = PBXGroup;
			children = (
				6564FBB725BC3E7B0010544E /* Adine Kirnberg.ttf */,
				6564FBC825BC48560010544E /* Lettyh.ttf */,
				6564FBB825BC3E7B0010544E /* AdineKirnberg-Alternate.ttf */,
				6564FBBD25BC44DE0010544E /* Amandita Personal Use.ttf */,
				6564FBC025BC45CE0010544E /* Challista.ttf */,
				6564FBC225BC46880010544E /* Crawley Demo.ttf */,
				6564FBC525BC47A20010544E /* handayani.otf */,
			);
			path = fonts;
			sourceTree = "<group>";
		};
		657A24C525865E65007C9B50 = {
			isa = PBXGroup;
			children = (
				657A24D025865E65007C9B50 /* RajaaRani */,
				657A24CF25865E65007C9B50 /* Products */,
				ACB971967372A3494DAE8F0A /* Pods */,
				B6497116DA4DD8856003CE15 /* Frameworks */,
			);
			sourceTree = "<group>";
		};
		657A24CF25865E65007C9B50 /* Products */ = {
			isa = PBXGroup;
			children = (
				657A24CE25865E65007C9B50 /* RajaaRani.app */,
			);
			name = Products;
			sourceTree = "<group>";
		};
		657A24D025865E65007C9B50 /* RajaaRani */ = {
			isa = PBXGroup;
			children = (
				6564FBB525BC3E600010544E /* supporting files */,
				657A24D125865E65007C9B50 /* AppDelegate.swift */,
				657A24EB25867760007C9B50 /* helpers */,
				657A24E82586773F007C9B50 /* models */,
				657A24E92586774D007C9B50 /* controllers */,
				657A24EA25867754007C9B50 /* views */,
				657A24DA25865E66007C9B50 /* Assets.xcassets */,
				657A24DF25865E66007C9B50 /* Info.plist */,
				6568CCC0258770D90052DA6B /* intro.mp4 */,
			);
			path = RajaaRani;
			sourceTree = "<group>";
		};
		657A24E82586773F007C9B50 /* models */ = {
			isa = PBXGroup;
			children = (
				65040C672595E6E8005D0550 /* User.swift */,
				65BB1B0125AF625000C72D26 /* Message.swift */,
			);
			path = models;
			sourceTree = "<group>";
		};
		657A24E92586774D007C9B50 /* controllers */ = {
			isa = PBXGroup;
			children = (
				6583A5FF258CCD8100C0DE6B /* Startup */,
				6583A600258CCD9800C0DE6B /* ProfileVerify */,
				653777AB25A4973500AEB64B /* ProfileCompletion */,
				6583A601258CCDAC00C0DE6B /* Dashboard */,
			);
			path = controllers;
			sourceTree = "<group>";
		};
		657A24EA25867754007C9B50 /* views */ = {
			isa = PBXGroup;
			children = (
				657A24D725865E65007C9B50 /* Main.storyboard */,
				65A1E2082588F99F00A028E6 /* ProfileVerification.storyboard */,
				65123BA8258BB72A00DB8C9D /* Dashboard.storyboard */,
				657A24DC25865E66007C9B50 /* LaunchScreen.storyboard */,
				65CB257F25A454DC005FF401 /* ProfileCompletion.storyboard */,
			);
			path = views;
			sourceTree = "<group>";
		};
		657A24EB25867760007C9B50 /* helpers */ = {
			isa = PBXGroup;
			children = (
				65A1E1F82588A6C700A028E6 /* Extensions.swift */,
				65A1E1FC2588A8C400A028E6 /* NetworkMonitor.swift */,
				65040C9F25962E07005D0550 /* Utilities.swift */,
				65DDE9BF25AF3C7A00E3C867 /* SocketIOManager.swift */,
			);
			path = helpers;
			sourceTree = "<group>";
		};
		6583A5FF258CCD8100C0DE6B /* Startup */ = {
			isa = PBXGroup;
			children = (
				6568CCBB258755B00052DA6B /* LoginVC.swift */,
				6568CCC42587D3320052DA6B /* EmailVC.swift */,
			);
			path = Startup;
			sourceTree = "<group>";
		};
		6583A600258CCD9800C0DE6B /* ProfileVerify */ = {
			isa = PBXGroup;
			children = (
				65A1E20D25890DE400A028E6 /* GenderSelectionVC.swift */,
				65895F72258A069E0054EDCC /* BirthdaySelectionVC.swift */,
				65123BA5258BA56600DB8C9D /* EmailVerifyVC.swift */,
				65F5E0A525A36D7F0016B977 /* CompleteProfileVC.swift */,
			);
			path = ProfileVerify;
			sourceTree = "<group>";
		};
		6583A601258CCDAC00C0DE6B /* Dashboard */ = {
			isa = PBXGroup;
			children = (
				652902E8259E2BCC00CE0293 /* Settings */,
				652902E6259E2B9F00CE0293 /* Home */,
				65BB1B0425AF861800C72D26 /* Chats */,
				6583A605258CCDDB00C0DE6B /* MatchesVC.swift */,
				654AE8F225AF18C40037378F /* LikedVC.swift */,
			);
			path = Dashboard;
			sourceTree = "<group>";
		};
		659219F02590AAA80071E0B5 /* DetailsView */ = {
			isa = PBXGroup;
			children = (
				659219F12590AAD90071E0B5 /* ProfileDetails.xib */,
				654CD62E2590C838001B0581 /* ProfileDetailView.swift */,
			);
			path = DetailsView;
			sourceTree = "<group>";
		};
		65A843E1259F645600A75EBD /* SettingsMain */ = {
			isa = PBXGroup;
			children = (
				65A843E3259F648200A75EBD /* TableViewCells */,
				65A843EE259F67F700A75EBD /* SettingsMainVC.swift */,
			);
			path = SettingsMain;
			sourceTree = "<group>";
		};
		65A843E3259F648200A75EBD /* TableViewCells */ = {
			isa = PBXGroup;
			children = (
				65A843E4259F658100A75EBD /* EditSectionCell.swift */,
				65A843E8259F65AB00A75EBD /* SwitchSectionCell.swift */,
				65A843EB259F65DF00A75EBD /* BtnSectionCell.swift */,
			);
			path = TableViewCells;
			sourceTree = "<group>";
		};
		65ADED6425BADB0200C893AA /* TableViewCells */ = {
			isa = PBXGroup;
			children = (
				65ADED6525BADB2800C893AA /* AboutMeCell.swift */,
				65ADED6825BADE7800C893AA /* UserStatsFirstCell.swift */,
				65ADED6B25BADE8900C893AA /* UserStatsSecondCell.swift */,
			);
			path = TableViewCells;
			sourceTree = "<group>";
		};
		65B31DDF25B1C546002CB036 /* Services */ = {
			isa = PBXGroup;
			children = (
				65B31DE025B1C565002CB036 /* ChatService.swift */,
				6507DEF425B7058A00953571 /* ChannelManager.swift */,
			);
			path = Services;
			sourceTree = "<group>";
		};
		65B7A8732593319600230BEA /* CardView */ = {
			isa = PBXGroup;
			children = (
				65533E5A25949F4D0058F941 /* ProfileCard.swift */,
				65533E5725949F1B0058F941 /* ProfileCardView.xib */,
			);
			path = CardView;
			sourceTree = "<group>";
		};
		65BB1B0425AF861800C72D26 /* Chats */ = {
			isa = PBXGroup;
			children = (
				65B31DDF25B1C546002CB036 /* Services */,
				65BB1B0925AF868600C72D26 /* TableViewCells */,
				6583A608258CCDE800C0DE6B /* ChatsVC.swift */,
				656147B425B0A3E6007B8248 /* ChatDetailVC.swift */,
			);
			path = Chats;
			sourceTree = "<group>";
		};
		65BB1B0925AF868600C72D26 /* TableViewCells */ = {
			isa = PBXGroup;
			children = (
				65BB1B0625AF868000C72D26 /* ChatTableViewCell.swift */,
			);
			path = TableViewCells;
			sourceTree = "<group>";
		};
		65EFA8E025A4C7A800BD1751 /* TableViewCells */ = {
			isa = PBXGroup;
			children = (
				65EFA8E125A4C7CF00BD1751 /* EthnicCell.swift */,
			);
			path = TableViewCells;
			sourceTree = "<group>";
		};
		ACB971967372A3494DAE8F0A /* Pods */ = {
			isa = PBXGroup;
			children = (
				845866F6891F120369F0B68D /* Pods-RajaaRani.debug.xcconfig */,
				B4C3E1CDF18CFDF5A9EEAADD /* Pods-RajaaRani.release.xcconfig */,
			);
			path = Pods;
			sourceTree = "<group>";
		};
		B6497116DA4DD8856003CE15 /* Frameworks */ = {
			isa = PBXGroup;
			children = (
				0100B7E4B052E4CF0F347257 /* Pods_RajaaRani.framework */,
			);
			name = Frameworks;
			sourceTree = "<group>";
		};
/* End PBXGroup section */

/* Begin PBXNativeTarget section */
		657A24CD25865E65007C9B50 /* RajaaRani */ = {
			isa = PBXNativeTarget;
			buildConfigurationList = 657A24E225865E66007C9B50 /* Build configuration list for PBXNativeTarget "RajaaRani" */;
			buildPhases = (
				24AFFCC3FA9D4CD13A262246 /* [CP] Check Pods Manifest.lock */,
				657A24CA25865E65007C9B50 /* Sources */,
				657A24CB25865E65007C9B50 /* Frameworks */,
				657A24CC25865E65007C9B50 /* Resources */,
				2CCF04E46B3A8F3A08AB7646 /* [CP] Embed Pods Frameworks */,
				3E380F74A4C5EC86842E52AB /* [CP] Copy Pods Resources */,
				65AED64225B38D7B00E5B8CC /* ShellScript */,
			);
			buildRules = (
			);
			dependencies = (
			);
			name = RajaaRani;
			productName = RajaaRani;
			productReference = 657A24CE25865E65007C9B50 /* RajaaRani.app */;
			productType = "com.apple.product-type.application";
		};
/* End PBXNativeTarget section */

/* Begin PBXProject section */
		657A24C625865E65007C9B50 /* Project object */ = {
			isa = PBXProject;
			attributes = {
				LastSwiftUpdateCheck = 1220;
				LastUpgradeCheck = 1220;
				TargetAttributes = {
					657A24CD25865E65007C9B50 = {
						CreatedOnToolsVersion = 12.2;
					};
				};
			};
			buildConfigurationList = 657A24C925865E65007C9B50 /* Build configuration list for PBXProject "RajaaRani" */;
			compatibilityVersion = "Xcode 9.3";
			developmentRegion = en;
			hasScannedForEncodings = 0;
			knownRegions = (
				en,
				Base,
			);
			mainGroup = 657A24C525865E65007C9B50;
			productRefGroup = 657A24CF25865E65007C9B50 /* Products */;
			projectDirPath = "";
			projectRoot = "";
			targets = (
				657A24CD25865E65007C9B50 /* RajaaRani */,
			);
		};
/* End PBXProject section */

/* Begin PBXResourcesBuildPhase section */
		657A24CC25865E65007C9B50 /* Resources */ = {
			isa = PBXResourcesBuildPhase;
			buildActionMask = 2147483647;
			files = (
				6564FBBB25BC3E870010544E /* AdineKirnberg-Alternate.ttf in Resources */,
				6564FBC625BC47AB0010544E /* handayani.otf in Resources */,
				659219F22590AAD90071E0B5 /* ProfileDetails.xib in Resources */,
				65CB258025A454DC005FF401 /* ProfileCompletion.storyboard in Resources */,
				6568CCC2258771030052DA6B /* intro.mp4 in Resources */,
				65123BA9258BB72A00DB8C9D /* Dashboard.storyboard in Resources */,
				6564FBC325BC468C0010544E /* Crawley Demo.ttf in Resources */,
				6564FBBE25BC44E20010544E /* Amandita Personal Use.ttf in Resources */,
				65A1E2092588F99F00A028E6 /* ProfileVerification.storyboard in Resources */,
				65533E5825949F1B0058F941 /* ProfileCardView.xib in Resources */,
				657A24DE25865E66007C9B50 /* LaunchScreen.storyboard in Resources */,
				657A24DB25865E66007C9B50 /* Assets.xcassets in Resources */,
				657A24D925865E65007C9B50 /* Main.storyboard in Resources */,
				6564FBB925BC3E810010544E /* Adine Kirnberg.ttf in Resources */,
				6544AA4E25BC616D00A210D6 /* Challista.ttf in Resources */,
			);
			runOnlyForDeploymentPostprocessing = 0;
		};
/* End PBXResourcesBuildPhase section */

/* Begin PBXShellScriptBuildPhase section */
		24AFFCC3FA9D4CD13A262246 /* [CP] Check Pods Manifest.lock */ = {
			isa = PBXShellScriptBuildPhase;
			buildActionMask = 2147483647;
			files = (
			);
			inputFileListPaths = (
			);
			inputPaths = (
				"${PODS_PODFILE_DIR_PATH}/Podfile.lock",
				"${PODS_ROOT}/Manifest.lock",
			);
			name = "[CP] Check Pods Manifest.lock";
			outputFileListPaths = (
			);
			outputPaths = (
				"$(DERIVED_FILE_DIR)/Pods-RajaaRani-checkManifestLockResult.txt",
			);
			runOnlyForDeploymentPostprocessing = 0;
			shellPath = /bin/sh;
			shellScript = "diff \"${PODS_PODFILE_DIR_PATH}/Podfile.lock\" \"${PODS_ROOT}/Manifest.lock\" > /dev/null\nif [ $? != 0 ] ; then\n    # print error to STDERR\n    echo \"error: The sandbox is not in sync with the Podfile.lock. Run 'pod install' or update your CocoaPods installation.\" >&2\n    exit 1\nfi\n# This output is used by Xcode 'outputs' to avoid re-running this script phase.\necho \"SUCCESS\" > \"${SCRIPT_OUTPUT_FILE_0}\"\n";
			showEnvVarsInLog = 0;
		};
		2CCF04E46B3A8F3A08AB7646 /* [CP] Embed Pods Frameworks */ = {
			isa = PBXShellScriptBuildPhase;
			buildActionMask = 2147483647;
			files = (
			);
			inputFileListPaths = (
				"${PODS_ROOT}/Target Support Files/Pods-RajaaRani/Pods-RajaaRani-frameworks-${CONFIGURATION}-input-files.xcfilelist",
			);
			name = "[CP] Embed Pods Frameworks";
			outputFileListPaths = (
				"${PODS_ROOT}/Target Support Files/Pods-RajaaRani/Pods-RajaaRani-frameworks-${CONFIGURATION}-output-files.xcfilelist",
			);
			runOnlyForDeploymentPostprocessing = 0;
			shellPath = /bin/sh;
			shellScript = "\"${PODS_ROOT}/Target Support Files/Pods-RajaaRani/Pods-RajaaRani-frameworks.sh\"\n";
			showEnvVarsInLog = 0;
		};
		3E380F74A4C5EC86842E52AB /* [CP] Copy Pods Resources */ = {
			isa = PBXShellScriptBuildPhase;
			buildActionMask = 2147483647;
			files = (
			);
			inputFileListPaths = (
				"${PODS_ROOT}/Target Support Files/Pods-RajaaRani/Pods-RajaaRani-resources-${CONFIGURATION}-input-files.xcfilelist",
			);
			name = "[CP] Copy Pods Resources";
			outputFileListPaths = (
				"${PODS_ROOT}/Target Support Files/Pods-RajaaRani/Pods-RajaaRani-resources-${CONFIGURATION}-output-files.xcfilelist",
			);
			runOnlyForDeploymentPostprocessing = 0;
			shellPath = /bin/sh;
			shellScript = "\"${PODS_ROOT}/Target Support Files/Pods-RajaaRani/Pods-RajaaRani-resources.sh\"\n";
			showEnvVarsInLog = 0;
		};
		65AED64225B38D7B00E5B8CC /* ShellScript */ = {
			isa = PBXShellScriptBuildPhase;
			buildActionMask = 2147483647;
			files = (
			);
			inputFileListPaths = (
			);
			inputPaths = (
			);
			outputFileListPaths = (
			);
			outputPaths = (
			);
			runOnlyForDeploymentPostprocessing = 0;
			shellPath = /bin/sh;
			shellScript = "# Type a script or drag a script file from your workspace to insert its path.\nbash \"${BUILT_PRODUCTS_DIR}/${FRAMEWORKS_FOLDER_PATH}/QuickbloxWebRTC.framework/strip-framework.sh\"\n";
		};
/* End PBXShellScriptBuildPhase section */

/* Begin PBXSourcesBuildPhase section */
		657A24CA25865E65007C9B50 /* Sources */ = {
			isa = PBXSourcesBuildPhase;
			buildActionMask = 2147483647;
			files = (
				6507DEF525B7058A00953571 /* ChannelManager.swift in Sources */,
				652902EE259E331600CE0293 /* SettingsVC.swift in Sources */,
				6583A606258CCDDB00C0DE6B /* MatchesVC.swift in Sources */,
				65EFA8DE25A4BE5300BD1751 /* EthnicVC.swift in Sources */,
				6568CCC52587D3320052DA6B /* EmailVC.swift in Sources */,
				6568CCBC258755B00052DA6B /* LoginVC.swift in Sources */,
				65B31DE125B1C565002CB036 /* ChatService.swift in Sources */,
				65895F73258A069E0054EDCC /* BirthdaySelectionVC.swift in Sources */,
				65BB1B0225AF625000C72D26 /* Message.swift in Sources */,
				6583A603258CCDCA00C0DE6B /* HomeVC.swift in Sources */,
				65533E5B25949F4D0058F941 /* ProfileCard.swift in Sources */,
				65040CA025962E07005D0550 /* Utilities.swift in Sources */,
				65A843EF259F67F700A75EBD /* SettingsMainVC.swift in Sources */,
				65A843EC259F65DF00A75EBD /* BtnSectionCell.swift in Sources */,
				654CD62F2590C838001B0581 /* ProfileDetailView.swift in Sources */,
				65DDE9C025AF3C7A00E3C867 /* SocketIOManager.swift in Sources */,
				65ADED6925BADE7800C893AA /* UserStatsFirstCell.swift in Sources */,
				656147B525B0A3E6007B8248 /* ChatDetailVC.swift in Sources */,
				65F5E0A625A36D7F0016B977 /* CompleteProfileVC.swift in Sources */,
				654A7EF725A8B244002B5D0D /* ProfileUnderReviewVC.swift in Sources */,
				65040C682595E6E8005D0550 /* User.swift in Sources */,
				65A1E1FD2588A8C400A028E6 /* NetworkMonitor.swift in Sources */,
				65ADED6625BADB2800C893AA /* AboutMeCell.swift in Sources */,
				652902EA259E2C0700CE0293 /* SettingsTableViewCell.swift in Sources */,
				65EFA8E225A4C7CF00BD1751 /* EthnicCell.swift in Sources */,
				654AE8F325AF18C40037378F /* LikedVC.swift in Sources */,
				65EFA8DB25A4ACF400BD1751 /* SectVC.swift in Sources */,
				65A13F6325A59C5500F92BAD /* NumberVerifyVC.swift in Sources */,
				65123BA6258BA56600DB8C9D /* EmailVerifyVC.swift in Sources */,
				653777AD25A4975200AEB64B /* NicknameVC.swift in Sources */,
				65ADED6C25BADE8900C893AA /* UserStatsSecondCell.swift in Sources */,
				657A24D225865E65007C9B50 /* AppDelegate.swift in Sources */,
				65A1E20E25890DE400A028E6 /* GenderSelectionVC.swift in Sources */,
				65A1E1F92588A6C700A028E6 /* Extensions.swift in Sources */,
				65EFA8E625A4DAC100BD1751 /* JobVC.swift in Sources */,
				65BB1B0725AF868000C72D26 /* ChatTableViewCell.swift in Sources */,
				6583A609258CCDE800C0DE6B /* ChatsVC.swift in Sources */,
				65A843E5259F658100A75EBD /* EditSectionCell.swift in Sources */,
				65A843E9259F65AB00A75EBD /* SwitchSectionCell.swift in Sources */,
				6516DE5D25A6123F0064FF57 /* SelfieVC.swift in Sources */,
			);
			runOnlyForDeploymentPostprocessing = 0;
		};
/* End PBXSourcesBuildPhase section */

/* Begin PBXVariantGroup section */
		657A24D725865E65007C9B50 /* Main.storyboard */ = {
			isa = PBXVariantGroup;
			children = (
				657A24D825865E65007C9B50 /* Base */,
			);
			name = Main.storyboard;
			sourceTree = "<group>";
		};
		657A24DC25865E66007C9B50 /* LaunchScreen.storyboard */ = {
			isa = PBXVariantGroup;
			children = (
				657A24DD25865E66007C9B50 /* Base */,
			);
			name = LaunchScreen.storyboard;
			sourceTree = "<group>";
		};
/* End PBXVariantGroup section */

/* Begin XCBuildConfiguration section */
		657A24E025865E66007C9B50 /* Debug */ = {
			isa = XCBuildConfiguration;
			buildSettings = {
				ALWAYS_SEARCH_USER_PATHS = NO;
				CLANG_ANALYZER_NONNULL = YES;
				CLANG_ANALYZER_NUMBER_OBJECT_CONVERSION = YES_AGGRESSIVE;
				CLANG_CXX_LANGUAGE_STANDARD = "gnu++14";
				CLANG_CXX_LIBRARY = "libc++";
				CLANG_ENABLE_MODULES = YES;
				CLANG_ENABLE_OBJC_ARC = YES;
				CLANG_ENABLE_OBJC_WEAK = YES;
				CLANG_WARN_BLOCK_CAPTURE_AUTORELEASING = YES;
				CLANG_WARN_BOOL_CONVERSION = YES;
				CLANG_WARN_COMMA = YES;
				CLANG_WARN_CONSTANT_CONVERSION = YES;
				CLANG_WARN_DEPRECATED_OBJC_IMPLEMENTATIONS = YES;
				CLANG_WARN_DIRECT_OBJC_ISA_USAGE = YES_ERROR;
				CLANG_WARN_DOCUMENTATION_COMMENTS = YES;
				CLANG_WARN_EMPTY_BODY = YES;
				CLANG_WARN_ENUM_CONVERSION = YES;
				CLANG_WARN_INFINITE_RECURSION = YES;
				CLANG_WARN_INT_CONVERSION = YES;
				CLANG_WARN_NON_LITERAL_NULL_CONVERSION = YES;
				CLANG_WARN_OBJC_IMPLICIT_RETAIN_SELF = YES;
				CLANG_WARN_OBJC_LITERAL_CONVERSION = YES;
				CLANG_WARN_OBJC_ROOT_CLASS = YES_ERROR;
				CLANG_WARN_QUOTED_INCLUDE_IN_FRAMEWORK_HEADER = YES;
				CLANG_WARN_RANGE_LOOP_ANALYSIS = YES;
				CLANG_WARN_STRICT_PROTOTYPES = YES;
				CLANG_WARN_SUSPICIOUS_MOVE = YES;
				CLANG_WARN_UNGUARDED_AVAILABILITY = YES_AGGRESSIVE;
				CLANG_WARN_UNREACHABLE_CODE = YES;
				CLANG_WARN__DUPLICATE_METHOD_MATCH = YES;
				COPY_PHASE_STRIP = NO;
				DEBUG_INFORMATION_FORMAT = dwarf;
				ENABLE_STRICT_OBJC_MSGSEND = YES;
				ENABLE_TESTABILITY = YES;
				GCC_C_LANGUAGE_STANDARD = gnu11;
				GCC_DYNAMIC_NO_PIC = NO;
				GCC_NO_COMMON_BLOCKS = YES;
				GCC_OPTIMIZATION_LEVEL = 0;
				GCC_PREPROCESSOR_DEFINITIONS = (
					"DEBUG=1",
					"$(inherited)",
				);
				GCC_WARN_64_TO_32_BIT_CONVERSION = YES;
				GCC_WARN_ABOUT_RETURN_TYPE = YES_ERROR;
				GCC_WARN_UNDECLARED_SELECTOR = YES;
				GCC_WARN_UNINITIALIZED_AUTOS = YES_AGGRESSIVE;
				GCC_WARN_UNUSED_FUNCTION = YES;
				GCC_WARN_UNUSED_VARIABLE = YES;
				IPHONEOS_DEPLOYMENT_TARGET = 14.2;
				MTL_ENABLE_DEBUG_INFO = INCLUDE_SOURCE;
				MTL_FAST_MATH = YES;
				ONLY_ACTIVE_ARCH = YES;
				SDKROOT = iphoneos;
				SWIFT_ACTIVE_COMPILATION_CONDITIONS = DEBUG;
				SWIFT_OPTIMIZATION_LEVEL = "-Onone";
			};
			name = Debug;
		};
		657A24E125865E66007C9B50 /* Release */ = {
			isa = XCBuildConfiguration;
			buildSettings = {
				ALWAYS_SEARCH_USER_PATHS = NO;
				CLANG_ANALYZER_NONNULL = YES;
				CLANG_ANALYZER_NUMBER_OBJECT_CONVERSION = YES_AGGRESSIVE;
				CLANG_CXX_LANGUAGE_STANDARD = "gnu++14";
				CLANG_CXX_LIBRARY = "libc++";
				CLANG_ENABLE_MODULES = YES;
				CLANG_ENABLE_OBJC_ARC = YES;
				CLANG_ENABLE_OBJC_WEAK = YES;
				CLANG_WARN_BLOCK_CAPTURE_AUTORELEASING = YES;
				CLANG_WARN_BOOL_CONVERSION = YES;
				CLANG_WARN_COMMA = YES;
				CLANG_WARN_CONSTANT_CONVERSION = YES;
				CLANG_WARN_DEPRECATED_OBJC_IMPLEMENTATIONS = YES;
				CLANG_WARN_DIRECT_OBJC_ISA_USAGE = YES_ERROR;
				CLANG_WARN_DOCUMENTATION_COMMENTS = YES;
				CLANG_WARN_EMPTY_BODY = YES;
				CLANG_WARN_ENUM_CONVERSION = YES;
				CLANG_WARN_INFINITE_RECURSION = YES;
				CLANG_WARN_INT_CONVERSION = YES;
				CLANG_WARN_NON_LITERAL_NULL_CONVERSION = YES;
				CLANG_WARN_OBJC_IMPLICIT_RETAIN_SELF = YES;
				CLANG_WARN_OBJC_LITERAL_CONVERSION = YES;
				CLANG_WARN_OBJC_ROOT_CLASS = YES_ERROR;
				CLANG_WARN_QUOTED_INCLUDE_IN_FRAMEWORK_HEADER = YES;
				CLANG_WARN_RANGE_LOOP_ANALYSIS = YES;
				CLANG_WARN_STRICT_PROTOTYPES = YES;
				CLANG_WARN_SUSPICIOUS_MOVE = YES;
				CLANG_WARN_UNGUARDED_AVAILABILITY = YES_AGGRESSIVE;
				CLANG_WARN_UNREACHABLE_CODE = YES;
				CLANG_WARN__DUPLICATE_METHOD_MATCH = YES;
				COPY_PHASE_STRIP = NO;
				DEBUG_INFORMATION_FORMAT = "dwarf-with-dsym";
				ENABLE_NS_ASSERTIONS = NO;
				ENABLE_STRICT_OBJC_MSGSEND = YES;
				GCC_C_LANGUAGE_STANDARD = gnu11;
				GCC_NO_COMMON_BLOCKS = YES;
				GCC_WARN_64_TO_32_BIT_CONVERSION = YES;
				GCC_WARN_ABOUT_RETURN_TYPE = YES_ERROR;
				GCC_WARN_UNDECLARED_SELECTOR = YES;
				GCC_WARN_UNINITIALIZED_AUTOS = YES_AGGRESSIVE;
				GCC_WARN_UNUSED_FUNCTION = YES;
				GCC_WARN_UNUSED_VARIABLE = YES;
				IPHONEOS_DEPLOYMENT_TARGET = 14.2;
				MTL_ENABLE_DEBUG_INFO = NO;
				MTL_FAST_MATH = YES;
				SDKROOT = iphoneos;
				SWIFT_COMPILATION_MODE = wholemodule;
				SWIFT_OPTIMIZATION_LEVEL = "-O";
				VALIDATE_PRODUCT = YES;
			};
			name = Release;
		};
		657A24E325865E66007C9B50 /* Debug */ = {
			isa = XCBuildConfiguration;
			baseConfigurationReference = 845866F6891F120369F0B68D /* Pods-RajaaRani.debug.xcconfig */;
			buildSettings = {
				ASSETCATALOG_COMPILER_APPICON_NAME = AppIcon;
				ASSETCATALOG_COMPILER_GLOBAL_ACCENT_COLOR_NAME = AccentColor;
				CODE_SIGN_IDENTITY = "Apple Development";
				CODE_SIGN_STYLE = Automatic;
				DEVELOPMENT_TEAM = LFD3T7L2TV;
				INFOPLIST_FILE = RajaaRani/Info.plist;
				LD_RUNPATH_SEARCH_PATHS = (
					"$(inherited)",
					"@executable_path/Frameworks",
				);
				PRODUCT_BUNDLE_IDENTIFIER = com.iumarketing.RajaaRani;
				PRODUCT_NAME = "$(TARGET_NAME)";
				PROVISIONING_PROFILE_SPECIFIER = "";
				SWIFT_VERSION = 5.0;
				TARGETED_DEVICE_FAMILY = "1,2";
			};
			name = Debug;
		};
		657A24E425865E66007C9B50 /* Release */ = {
			isa = XCBuildConfiguration;
			baseConfigurationReference = B4C3E1CDF18CFDF5A9EEAADD /* Pods-RajaaRani.release.xcconfig */;
			buildSettings = {
				ASSETCATALOG_COMPILER_APPICON_NAME = AppIcon;
				ASSETCATALOG_COMPILER_GLOBAL_ACCENT_COLOR_NAME = AccentColor;
				CODE_SIGN_IDENTITY = "Apple Development";
				CODE_SIGN_STYLE = Automatic;
				DEVELOPMENT_TEAM = LFD3T7L2TV;
				INFOPLIST_FILE = RajaaRani/Info.plist;
				LD_RUNPATH_SEARCH_PATHS = (
					"$(inherited)",
					"@executable_path/Frameworks",
				);
				PRODUCT_BUNDLE_IDENTIFIER = com.iumarketing.RajaaRani;
				PRODUCT_NAME = "$(TARGET_NAME)";
				PROVISIONING_PROFILE_SPECIFIER = "";
				SWIFT_VERSION = 5.0;
				TARGETED_DEVICE_FAMILY = "1,2";
			};
			name = Release;
		};
/* End XCBuildConfiguration section */

/* Begin XCConfigurationList section */
		657A24C925865E65007C9B50 /* Build configuration list for PBXProject "RajaaRani" */ = {
			isa = XCConfigurationList;
			buildConfigurations = (
				657A24E025865E66007C9B50 /* Debug */,
				657A24E125865E66007C9B50 /* Release */,
			);
			defaultConfigurationIsVisible = 0;
			defaultConfigurationName = Release;
		};
		657A24E225865E66007C9B50 /* Build configuration list for PBXNativeTarget "RajaaRani" */ = {
			isa = XCConfigurationList;
			buildConfigurations = (
				657A24E325865E66007C9B50 /* Debug */,
				657A24E425865E66007C9B50 /* Release */,
			);
			defaultConfigurationIsVisible = 0;
			defaultConfigurationName = Release;
		};
/* End XCConfigurationList section */
	};
	rootObject = 657A24C625865E65007C9B50 /* Project object */;
}
